
Microsoft Visual Studio Solution File, Format Version 11.00
# Visual Studio 2010
Project("{FAE04EC0-301F-11D3-BF4B-00C04F79EFBC}") = "DontMockMe", "DontMockMe\DontMockMe.csproj", "{B17BA6D4-5697-4B72-981A-4D73A61B5605}"
EndProject
Project("{FAE04EC0-301F-11D3-BF4B-00C04F79EFBC}") = "DontMockMe.Core", "DontMockMe.Core\DontMockMe.Core.csproj", "{93DC92E6-02E8-459A-9801-C5888C214B0D}"
EndProject
Project("{FAE04EC0-301F-11D3-BF4B-00C04F79EFBC}") = "DontMockMe.Web", "DontMockMe.Web\DontMockMe.Web.csproj", "{C1486B34-4151-4BF7-B849-C8E19B671E2E}"
EndProject
Project("{2150E333-8FDC-42A3-9474-1A3956D46DE8}") = "Tests", "Tests", "{C0105971-290B-41FE-A253-83F94455C3BE}"
EndProject
Project("{FAE04EC0-301F-11D3-BF4B-00C04F79EFBC}") = "DontMockMe.Tests", "DontMockMe.Tests\DontMockMe.Tests.csproj", "{5651C973-6D1A-405A-8794-5A8DE3B61BF8}"
EndProject
Global
	GlobalSection(SolutionConfigurationPlatforms) = preSolution
		Debug|Any CPU = Debug|Any CPU
		Debug|Mixed Platforms = Debug|Mixed Platforms
		Debug|x86 = Debug|x86
		Release|Any CPU = Release|Any CPU
		Release|Mixed Platforms = Release|Mixed Platforms
		Release|x86 = Release|x86
	EndGlobalSection
	GlobalSection(ProjectConfigurationPlatforms) = postSolution
		{B17BA6D4-5697-4B72-981A-4D73A61B5605}.Debug|Any CPU.ActiveCfg = Debug|x86
		{B17BA6D4-5697-4B72-981A-4D73A61B5605}.Debug|Mixed Platforms.ActiveCfg = Debug|x86
		{B17BA6D4-5697-4B72-981A-4D73A61B5605}.Debug|Mixed Platforms.Build.0 = Debug|x86
		{B17BA6D4-5697-4B72-981A-4D73A61B5605}.Debug|x86.ActiveCfg = Debug|x86
		{B17BA6D4-5697-4B72-981A-4D73A61B5605}.Debug|x86.Build.0 = Debug|x86
		{B17BA6D4-5697-4B72-981A-4D73A61B5605}.Release|Any CPU.ActiveCfg = Release|x86
		{B17BA6D4-5697-4B72-981A-4D73A61B5605}.Release|Mixed Platforms.ActiveCfg = Release|x86
		{B17BA6D4-5697-4B72-981A-4D73A61B5605}.Release|Mixed Platforms.Build.0 = Release|x86
		{B17BA6D4-5697-4B72-981A-4D73A61B5605}.Release|x86.ActiveCfg = Release|x86
		{B17BA6D4-5697-4B72-981A-4D73A61B5605}.Release|x86.Build.0 = Release|x86
		{93DC92E6-02E8-459A-9801-C5888C214B0D}.Debug|Any CPU.ActiveCfg = Debug|Any CPU
		{93DC92E6-02E8-459A-9801-C5888C214B0D}.Debug|Any CPU.Build.0 = Debug|Any CPU
		{93DC92E6-02E8-459A-9801-C5888C214B0D}.Debug|Mixed Platforms.ActiveCfg = Debug|Any CPU
		{93DC92E6-02E8-459A-9801-C5888C214B0D}.Debug|Mixed Platforms.Build.0 = Debug|Any CPU
		{93DC92E6-02E8-459A-9801-C5888C214B0D}.Debug|x86.ActiveCfg = Debug|Any CPU
		{93DC92E6-02E8-459A-9801-C5888C214B0D}.Release|Any CPU.ActiveCfg = Release|Any CPU
		{93DC92E6-02E8-459A-9801-C5888C214B0D}.Release|Any CPU.Build.0 = Release|Any CPU
		{93DC92E6-02E8-459A-9801-C5888C214B0D}.Release|Mixed Platforms.ActiveCfg = Release|Any CPU
		{93DC92E6-02E8-459A-9801-C5888C214B0D}.Release|Mixed Platforms.Build.0 = Release|Any CPU
		{93DC92E6-02E8-459A-9801-C5888C214B0D}.Release|x86.ActiveCfg = Release|Any CPU
		{C1486B34-4151-4BF7-B849-C8E19B671E2E}.Debug|Any CPU.ActiveCfg = Debug|Any CPU
		{C1486B34-4151-4BF7-B849-C8E19B671E2E}.Debug|Any CPU.Build.0 = Debug|Any CPU
		{C1486B34-4151-4BF7-B849-C8E19B671E2E}.Debug|Mixed Platforms.ActiveCfg = Debug|Any CPU
		{C1486B34-4151-4BF7-B849-C8E19B671E2E}.Debug|Mixed Platforms.Build.0 = Debug|Any CPU
		{C1486B34-4151-4BF7-B849-C8E19B671E2E}.Debug|x86.ActiveCfg = Debug|Any CPU
		{C1486B34-4151-4BF7-B849-C8E19B671E2E}.Release|Any CPU.ActiveCfg = Release|Any CPU
		{C1486B34-4151-4BF7-B849-C8E19B671E2E}.Release|Any CPU.Build.0 = Release|Any CPU
		{C1486B34-4151-4BF7-B849-C8E19B671E2E}.Release|Mixed Platforms.ActiveCfg = Release|Any CPU
		{C1486B34-4151-4BF7-B849-C8E19B671E2E}.Release|Mixed Platforms.Build.0 = Release|Any CPU
		{C1486B34-4151-4BF7-B849-C8E19B671E2E}.Release|x86.ActiveCfg = Release|Any CPU
		{5651C973-6D1A-405A-8794-5A8DE3B61BF8}.Debug|Any CPU.ActiveCfg = Debug|Any CPU
		{5651C973-6D1A-405A-8794-5A8DE3B61BF8}.Debug|Any CPU.Build.0 = Debug|Any CPU
		{5651C973-6D1A-405A-8794-5A8DE3B61BF8}.Debug|Mixed Platforms.ActiveCfg = Debug|Any CPU
		{5651C973-6D1A-405A-8794-5A8DE3B61BF8}.Debug|Mixed Platforms.Build.0 = Debug|Any CPU
		{5651C973-6D1A-405A-8794-5A8DE3B61BF8}.Debug|x86.ActiveCfg = Debug|Any CPU
		{5651C973-6D1A-405A-8794-5A8DE3B61BF8}.Release|Any CPU.ActiveCfg = Release|Any CPU
		{5651C973-6D1A-405A-8794-5A8DE3B61BF8}.Release|Any CPU.Build.0 = Release|Any CPU
		{5651C973-6D1A-405A-8794-5A8DE3B61BF8}.Release|Mixed Platforms.ActiveCfg = Release|Any CPU
		{5651C973-6D1A-405A-8794-5A8DE3B61BF8}.Release|Mixed Platforms.Build.0 = Release|Any CPU
		{5651C973-6D1A-405A-8794-5A8DE3B61BF8}.Release|x86.ActiveCfg = Release|Any CPU
	EndGlobalSection
	GlobalSection(SolutionProperties) = preSolution
		HideSolutionNode = FALSE
	EndGlobalSection
	GlobalSection(NestedProjects) = preSolution
		{5651C973-6D1A-405A-8794-5A8DE3B61BF8} = {C0105971-290B-41FE-A253-83F94455C3BE}
	EndGlobalSection
EndGlobal
